
Microsoft Visual Studio Solution File, Format Version 12.00
# Visual Studio Version 17
VisualStudioVersion = 17.13.35818.85 d17.13
MinimumVisualStudioVersion = 10.0.40219.1
Project("{FAE04EC0-301F-11D3-BF4B-00C04F79EFBC}") = "biletsatisotomasyonu", "biletsatisotomasyonu\biletsatisotomasyonu.csproj", "{8955FF2D-494B-499B-B175-976CCABC8BEF}"
EndProject
Global
	GlobalSection(SolutionConfigurationPlatforms) = preSolution
		Debug|Any CPU = Debug|Any CPU
		Release|Any CPU = Release|Any CPU
	EndGlobalSection
	GlobalSection(ProjectConfigurationPlatforms) = postSolution
		{8955FF2D-494B-499B-B175-976CCABC8BEF}.Debug|Any CPU.ActiveCfg = Debug|Any CPU
		{8955FF2D-494B-499B-B175-976CCABC8BEF}.Debug|Any CPU.Build.0 = Debug|Any CPU
		{8955FF2D-494B-499B-B175-976CCABC8BEF}.Release|Any CPU.ActiveCfg = Release|Any CPU
		{8955FF2D-494B-499B-B175-976CCABC8BEF}.Release|Any CPU.Build.0 = Release|Any CPU
	EndGlobalSection
	GlobalSection(SolutionProperties) = preSolution
		HideSolutionNode = FALSE
	EndGlobalSection
	GlobalSection(ExtensibilityGlobals) = postSolution
		SolutionGuid = {31FDF738-6E1A-4EEC-84E9-E5A1B516DFF5}
	EndGlobalSection
EndGlobal
